{
  "name": "gamecasino",
  "lockfileVersion": 3,
  "requires": true,
  "packages": {
    "": {
      "dependencies": {
        "@types/facebook-js-sdk": "^3.3.6",
        "@types/gapi": "^0.0.44",
        "fs": "^0.0.1-security",
        "jquery": "^3.7.0",
        "path": "^0.12.7",
        "tslib": "^2.5.0"
      },
      "devDependencies": {
        "@types/gapi.auth2": "^0.0.57",
        "@types/lodash": "^4.14.184",
        "@types/node": "^18.16.19"
      }
    },
    "node_modules/@types/facebook-js-sdk": {
      "version": "3.3.6",
      "resolved": "https://registry.npmjs.org/@types/facebook-js-sdk/-/facebook-js-sdk-3.3.6.tgz",
      "integrity": "sha512-CxTLMVtZsgrj9Ven5Pn1vcFumCFs+CG8Jfc63xWq/8b9e6uWjGyZlMnvQk7lIVn97Zd1vpu0ZK/OFWAoap0RCw=="
    },
    "node_modules/@types/gapi": {
      "version": "0.0.44",
      "resolved": "https://registry.npmjs.org/@types/gapi/-/gapi-0.0.44.tgz",
      "integrity": "sha512-hsgJMfZ/pMwI15UlAYHMNwj8DRoigo1odhbPwEXdp19ZQwQAXbcRrpzaDsfc+9XM6RtGpvl4Ja7uW8A+KPCa7w=="
    },
    "node_modules/@types/gapi.auth2": {
      "version": "0.0.57",
      "resolved": "https://registry.npmjs.org/@types/gapi.auth2/-/gapi.auth2-0.0.57.tgz",
      "integrity": "sha512-2nYF2OZlEqWvF5rLk0nrQlAkk51Abe9zLHvA85NZqpIauYT/TluDNsPWkncI969BR/Ts5mdKrXgiWE/f4N6mMQ==",
      "dev": true,
      "dependencies": {
        "@types/gapi": "*"
      }
    },
    "node_modules/@types/lodash": {
      "version": "4.14.184",
      "resolved": "https://registry.npmjs.org/@types/lodash/-/lodash-4.14.184.tgz",
      "integrity": "sha512-RoZphVtHbxPZizt4IcILciSWiC6dcn+eZ8oX9IWEYfDMcocdd42f7NPI6fQj+6zI8y4E0L7gu2pcZKLGTRaV9Q==",
      "dev": true
    },
    "node_modules/@types/node": {
      "version": "18.16.19",
      "resolved": "https://registry.npmjs.org/@types/node/-/node-18.16.19.tgz",
      "integrity": "sha512-IXl7o+R9iti9eBW4Wg2hx1xQDig183jj7YLn8F7udNceyfkbn1ZxmzZXuak20gR40D7pIkIY1kYGx5VIGbaHKA==",
      "dev": true
    },
    "node_modules/fs": {
      "version": "0.0.1-security",
      "resolved": "https://registry.npmjs.org/fs/-/fs-0.0.1-security.tgz",
      "integrity": "sha512-3XY9e1pP0CVEUCdj5BmfIZxRBTSDycnbqhIOGec9QYtmVH2fbLpj86CFWkrNOkt/Fvty4KZG5lTglL9j/gJ87w=="
    },
    "node_modules/inherits": {
      "version": "2.0.3",
      "resolved": "https://registry.npmjs.org/inherits/-/inherits-2.0.3.tgz",
      "integrity": "sha512-x00IRNXNy63jwGkJmzPigoySHbaqpNuzKbBOmzK+g2OdZpQ9w+sxCN+VSB3ja7IAge2OP2qpfxTjeNcyjmW1uw=="
    },
    "node_modules/jquery": {
      "version": "3.7.0",
      "resolved": "https://registry.npmjs.org/jquery/-/jquery-3.7.0.tgz",
      "integrity": "sha512-umpJ0/k8X0MvD1ds0P9SfowREz2LenHsQaxSohMZ5OMNEU2r0tf8pdeEFTHMFxWVxKNyU9rTtK3CWzUCTKJUeQ=="
    },
    "node_modules/path": {
      "version": "0.12.7",
      "resolved": "https://registry.npmjs.org/path/-/path-0.12.7.tgz",
      "integrity": "sha512-aXXC6s+1w7otVF9UletFkFcDsJeO7lSZBPUQhtb5O0xJe8LtYhj/GxldoL09bBj9+ZmE2hNoHqQSFMN5fikh4Q==",
      "dependencies": {
        "process": "^0.11.1",
        "util": "^0.10.3"
      }
    },
    "node_modules/process": {
      "version": "0.11.10",
      "resolved": "https://registry.npmjs.org/process/-/process-0.11.10.tgz",
      "integrity": "sha512-cdGef/drWFoydD1JsMzuFf8100nZl+GT+yacc2bEced5f9Rjk4z+WtFUTBu9PhOi9j/jfmBPu0mMEY4wIdAF8A==",
      "engines": {
        "node": ">= 0.6.0"
      }
    },
    "node_modules/tslib": {
      "version": "2.5.0",
      "resolved": "https://registry.npmjs.org/tslib/-/tslib-2.5.0.tgz",
      "integrity": "sha512-336iVw3rtn2BUK7ORdIAHTyxHGRIHVReokCR3XjbckJMK7ms8FysBfhLR8IXnAgy7T0PTPNBWKiH514FOW/WSg=="
    },
    "node_modules/util": {
      "version": "0.10.4",
      "resolved": "https://registry.npmjs.org/util/-/util-0.10.4.tgz",
      "integrity": "sha512-0Pm9hTQ3se5ll1XihRic3FDIku70C+iHUdT/W926rSgHV5QgXsYbKZN8MSC3tJtSkhuROzvsQjAaFENRXr+19A==",
      "dependencies": {
        "inherits": "2.0.3"
      }
    }
  }
}
